<?xml version="1.0" encoding="utf-8"?>
<Project ToolsVersion="4.0" xmlns="http://schemas.microsoft.com/developer/msbuild/2003">
  <ItemGroup>
    <Filter Include="Source Files">
      <UniqueIdentifier>{4FC737F1-C7A5-4376-A066-2A32D752A2FF}</UniqueIdentifier>
      <Extensions>cpp;c;cc;cxx;c++;cppm;ixx;def;odl;idl;hpj;bat;asm;asmx</Extensions>
    </Filter>
    <Filter Include="Header Files">
      <UniqueIdentifier>{93995380-89BD-4b04-88EB-625FBE52EBFB}</UniqueIdentifier>
      <Extensions>h;hh;hpp;hxx;h++;hm;inl;inc;ipp;xsd</Extensions>
    </Filter>
    <Filter Include="Resource Files">
      <UniqueIdentifier>{67DA6AB6-F800-4c08-8B7A-83BB121AAD01}</UniqueIdentifier>
      <Extensions>rc;ico;cur;bmp;dlg;rc2;rct;bin;rgs;gif;jpg;jpeg;jpe;resx;tiff;tif;png;wav;mfcribbon-ms</Extensions>
    </Filter>
  </ItemGroup>
  <ItemGroup>
    <ClCompile Include="Project-GigaForge.cpp">
      <Filter>Source Files</Filter>
    </ClCompile>
    <ClCompile Include="Src\Rendering\InputControllerWin32.cpp">
      <Filter>Source Files</Filter>
    </ClCompile>
    <ClCompile Include="Src\Rendering\RenderingTestWin32.cpp">
      <Filter>Header Files</Filter>
    </ClCompile>
    <ClCompile Include="Src\Rendering\TexturedMesh.cpp">
      <Filter>Source Files</Filter>
    </ClCompile>
    <ClCompile Include="Tests\MesherTest.cpp">
      <Filter>Header Files</Filter>
    </ClCompile>
    <ClCompile Include="Tests\RenderTest.cpp">
      <Filter>Header Files</Filter>
    </ClCompile>
    <ClCompile Include="Tests\TestEcs.cpp">
      <Filter>Header Files</Filter>
    </ClCompile>
    <ClCompile Include="Tests\TestMemory.cpp">
      <Filter>Header Files</Filter>
    </ClCompile>
    <ClCompile Include="Tests\TestTraffic.cpp">
      <Filter>Header Files</Filter>
    </ClCompile>
    <ClCompile Include="Tests\UltralightTest.cpp">
      <Filter>Source Files</Filter>
    </ClCompile>
  </ItemGroup>
  <ItemGroup>
    <ClInclude Include="Timer.h">
      <Filter>Header Files</Filter>
    </ClInclude>
    <ClInclude Include="Src\Ecs\SparseArray.h">
      <Filter>Header Files</Filter>
    </ClInclude>
    <ClInclude Include="Src\Ecs\CommandBuffer.h">
      <Filter>Header Files</Filter>
    </ClInclude>
    <ClInclude Include="Src\Ecs\CommandBufferExecutor.h">
      <Filter>Header Files</Filter>
    </ClInclude>
    <ClInclude Include="Src\Ecs\ComponentArray.h">
      <Filter>Header Files</Filter>
    </ClInclude>
    <ClInclude Include="Src\Ecs\CopyableAtomic.h">
      <Filter>Header Files</Filter>
    </ClInclude>
    <ClInclude Include="Src\Ecs\EntityManager.h">
      <Filter>Header Files</Filter>
    </ClInclude>
    <ClInclude Include="Src\Ecs\EcsGlobals.h">
      <Filter>Header Files</Filter>
    </ClInclude>
    <ClInclude Include="Src\Ecs\EcsSystem.h">
      <Filter>Header Files</Filter>
    </ClInclude>
    <ClInclude Include="Src\CudaEcs\CudaGlobals.h">
      <Filter>Header Files</Filter>
    </ClInclude>
    <ClInclude Include="Src\CudaEcs\CudaSparseArray.h">
      <Filter>Header Files</Filter>
    </ClInclude>
    <ClInclude Include="Src\CudaEcs\CudaComponentArray.h">
      <Filter>Header Files</Filter>
    </ClInclude>
    <ClInclude Include="Src\CudaEcs\CudaEcsSystem.h">
      <Filter>Header Files</Filter>
    </ClInclude>
    <ClInclude Include="Src\CudaEcs\CudaEntityManager.h">
      <Filter>Header Files</Filter>
    </ClInclude>
    <ClInclude Include="Src\CudaCommon\Bitset.h" />
    <ClInclude Include="Src\CudaCommon\FastMemoryManager\MemoryDroplet.h" />
    <ClInclude Include="Src\CudaCommon\FastMemoryManager\MemoryLake.h">
      <Filter>Header Files</Filter>
    </ClInclude>
    <ClInclude Include="Src\CudaCommon\FastMemoryManager\DropletHandle.h">
      <Filter>Header Files</Filter>
    </ClInclude>
    <ClInclude Include="Src\CudaCommon\FastMemoryManager\MemStats.h">
      <Filter>Header Files</Filter>
    </ClInclude>
    <ClInclude Include="Src\CudaCommon\FastMemoryManager\MemoryOcean.h">
      <Filter>Header Files</Filter>
    </ClInclude>
    <ClInclude Include="Src\Rendering\InputController.h">
      <Filter>Header Files</Filter>
    </ClInclude>
    <ClInclude Include="Src\Rendering\RenderingGlobals.h">
      <Filter>Header Files</Filter>
    </ClInclude>
    <ClInclude Include="Src\Rendering\InputControllerWin32.hpp">
      <Filter>Header Files</Filter>
    </ClInclude>
    <ClInclude Include="Src\Rendering\RenderingTestWin32.h">
      <Filter>Header Files</Filter>
    </ClInclude>
    <ClInclude Include="Src\Rendering\TexturedMeshRenderer.h">
      <Filter>Header Files</Filter>
    </ClInclude>
    <ClInclude Include="Src\Rendering\TexturedMesh.h">
      <Filter>Header Files</Filter>
    </ClInclude>
    <ClInclude Include="Src\Game\GameMain.h">
      <Filter>Header Files</Filter>
    </ClInclude>
    <ClInclude Include="Src\Game\Camera.h">
      <Filter>Header Files</Filter>
    </ClInclude>
    <ClInclude Include="Src\OptixMesh\Mesher.h">
      <Filter>Header Files</Filter>
    </ClInclude>
    <ClInclude Include="Src\Globals.h">
      <Filter>Header Files</Filter>
    </ClInclude>
    <ClInclude Include="Src\Game\Traffic\Lane.h">
      <Filter>Header Files</Filter>
    </ClInclude>
    <ClInclude Include="Src\Game\Traffic\VehicleTemplate.h">
      <Filter>Header Files</Filter>
    </ClInclude>
    <ClInclude Include="Src\Game\Traffic\Intersection.h">
      <Filter>Header Files</Filter>
    </ClInclude>
    <ClInclude Include="Src\Game\Traffic\TrafficGraph.h">
      <Filter>Header Files</Filter>
    </ClInclude>
    <ClInclude Include="Src\Game\Traffic\Curve.h">
      <Filter>Header Files</Filter>
    </ClInclude>
    <ClInclude Include="Src\Game\Traffic\IntersectionCollisions.h">
      <Filter>Header Files</Filter>
    </ClInclude>
    <ClInclude Include="Src\Game\Collisions.h">
      <Filter>Header Files</Filter>
    </ClInclude>
  </ItemGroup>
  <ItemGroup>
    <CudaCompile Include="Tests\CudaEcsTest.cu" />
    <CudaCompile Include="Src\CudaEcs\NVCompTest.cu" />
    <CudaCompile Include="Src\CudaEcs\File.cu" />
    <CudaCompile Include="Tests\CudaOtherTest.cu" />
  </ItemGroup>
  <ItemGroup>
    <FxCompile Include="Shaders\Pixel.hlsl" />
  </ItemGroup>
  <ItemGroup>
    <None Include="packages.config" />
  </ItemGroup>
</Project>